[[package]]
name = "aiocontextvars"
version = "0.2.2"
description = "Asyncio support for PEP-567 contextvars backport."
category = "main"
optional = false
python-versions = ">=3.5"

[package.dependencies]
contextvars = {version = "2.4", markers = "python_version < \"3.7\""}

[[package]]
name = "amqp"
version = "2.6.1"
description = "Low-level AMQP client for Python (fork of amqplib)."
category = "main"
optional = false
python-versions = ">=2.7, !=3.0.*, !=3.1.*, !=3.2.*, !=3.3.*, !=3.4.*"

[package.dependencies]
vine = ">=1.1.3,<5.0.0a1"

[[package]]
name = "asgiref"
version = "3.4.1"
description = "ASGI specs, helper code, and adapters"
category = "main"
optional = false
python-versions = ">=3.6"

[package.dependencies]
typing-extensions = {version = "*", markers = "python_version < \"3.8\""}

[package.extras]
tests = ["mypy (>=0.800)", "pytest", "pytest-asyncio"]

[[package]]
name = "async-timeout"
version = "4.0.2"
description = "Timeout context manager for asyncio programs"
category = "main"
optional = false
python-versions = ">=3.6"

[package.dependencies]
typing-extensions = {version = ">=3.6.5", markers = "python_version < \"3.8\""}

[[package]]
name = "backoff"
version = "1.11.1"
description = "Function decoration for backoff and retry"
category = "main"
optional = false
python-versions = ">=2.7, !=3.0.*, !=3.1.*, !=3.2.*, !=3.3.*, !=3.4.*"

[[package]]
name = "backoff"
version = "2.2.1"
description = "Function decoration for backoff and retry"
category = "main"
optional = false
python-versions = ">=3.7,<4.0"

[[package]]
name = "backports.zoneinfo"
version = "0.2.1"
description = "Backport of the standard library zoneinfo module"
category = "main"
optional = false
python-versions = ">=3.6"

[package.dependencies]
importlib-resources = {version = "*", markers = "python_version < \"3.7\""}

[package.extras]
tzdata = ["tzdata"]

[[package]]
name = "billiard"
version = "3.6.4.0"
description = "Python multiprocessing fork with improvements and bugfixes"
category = "main"
optional = false
python-versions = "*"

[[package]]
name = "bkoauth"
version = "0.1.0"
description = "blueking oauth"
category = "main"
optional = false
python-versions = "!=3.0.*, !=3.1.*, !=3.2.*, !=3.3.*, !=3.4.*, !=3.5.*"

[package.dependencies]
django = "*"
requests = "*"

[[package]]
name = "blueapps"
version = "4.15.1"
description = "development framework for blueking"
category = "main"
optional = false
python-versions = "*"

[package.dependencies]
bkoauth = ">=0.0.12"
cryptography = ">=2.7"
Django = ">=2.2.6,<5.0.0"
django-prometheus = {version = ">=2.1.0,<3.0.0", optional = true, markers = "extra == \"opentelemetry\""}
Mako = ">=1.0.6,<2.0"
MarkupSafe = ">=1.1.1,<3.0.0"
opentelemetry-api = {version = ">=1.6.2,<2.0.0", optional = true, markers = "extra == \"opentelemetry\""}
opentelemetry-exporter-jaeger = {version = ">=1.6.2,<2.0.0", optional = true, markers = "extra == \"opentelemetry\""}
opentelemetry-exporter-jaeger-proto-grpc = {version = ">=1.6.2,<2.0.0", optional = true, markers = "extra == \"opentelemetry\""}
opentelemetry-exporter-jaeger-thrift = {version = ">=1.6.2,<2.0.0", optional = true, markers = "extra == \"opentelemetry\""}
opentelemetry-exporter-otlp = {version = ">=1.6.2,<2.0.0", optional = true, markers = "extra == \"opentelemetry\""}
opentelemetry-instrumentation = {version = ">=0.25b2,<1.0.0", optional = true, markers = "extra == \"opentelemetry\""}
opentelemetry-instrumentation-celery = {version = ">=0.25b2,<1.0.0", optional = true, markers = "extra == \"opentelemetry\""}
opentelemetry-instrumentation-dbapi = {version = ">=0.25b2,<1.0.0", optional = true, markers = "extra == \"opentelemetry\""}
opentelemetry-instrumentation-django = {version = ">=0.25b2,<1.0.0", optional = true, markers = "extra == \"opentelemetry\""}
opentelemetry-instrumentation-logging = {version = ">=0.25b2,<1.0.0", optional = true, markers = "extra == \"opentelemetry\""}
opentelemetry-instrumentation-redis = {version = ">=0.25b2,<1.0.0", optional = true, markers = "extra == \"opentelemetry\""}
opentelemetry-instrumentation-requests = {version = ">=0.25b2,<1.0.0", optional = true, markers = "extra == \"opentelemetry\""}
opentelemetry-sdk = {version = ">=1.6.2,<2.0.0", optional = true, markers = "extra == \"opentelemetry\""}
prometheus-client = {version = ">=0.9.0,<1.0.0", optional = true, markers = "extra == \"opentelemetry\""}
pyCryptodome = ">=3.9.7"
PyJWT = ">=1.6.1,<3.0"
python-json-logger = ">=0.1.7"
requests = ">=2.22.0,<3.0.0"
Werkzeug = ">=1.0.0,<3.0.0"
whitenoise = ">=3.3.0,<7"

[package.extras]
apigw-manager = ["apigw-manager (>=1.1.5,<3.0.0)"]
bk-notice = ["bk-notice-sdk (==1.1.1)"]
bkcrypto = ["bk-crypto-python-sdk (==1.1.1)"]
opentelemetry = ["django-prometheus (>=2.1.0,<3.0.0)", "opentelemetry-api (>=1.6.2,<2.0.0)", "opentelemetry-exporter-jaeger (>=1.6.2,<2.0.0)", "opentelemetry-exporter-jaeger-proto-grpc (>=1.6.2,<2.0.0)", "opentelemetry-exporter-jaeger-thrift (>=1.6.2,<2.0.0)", "opentelemetry-exporter-otlp (>=1.6.2,<2.0.0)", "opentelemetry-instrumentation (>=0.25b2,<1.0.0)", "opentelemetry-instrumentation-celery (>=0.25b2,<1.0.0)", "opentelemetry-instrumentation-dbapi (>=0.25b2,<1.0.0)", "opentelemetry-instrumentation-django (>=0.25b2,<1.0.0)", "opentelemetry-instrumentation-logging (>=0.25b2,<1.0.0)", "opentelemetry-instrumentation-redis (>=0.25b2,<1.0.0)", "opentelemetry-instrumentation-requests (>=0.25b2,<1.0.0)", "opentelemetry-sdk (>=1.6.2,<2.0.0)", "prometheus-client (>=0.9.0,<1.0.0)"]

[[package]]
name = "celery"
version = "4.4.7"
description = "Distributed Task Queue."
category = "main"
optional = false
python-versions = ">=2.7, !=3.0.*, !=3.1.*, !=3.2.*, !=3.3.*, !=3.4.*"

[package.dependencies]
billiard = ">=3.6.3.0,<4.0"
kombu = ">=4.6.10,<4.7"
pytz = ">0.0-dev"
vine = "1.3.0"

[package.extras]
arangodb = ["pyArango (>=1.3.2)"]
auth = ["cryptography"]
azureblockblob = ["azure-common (==1.1.5)", "azure-storage (==0.36.0)", "azure-storage-common (==1.1.0)"]
brotli = ["brotli (>=1.0.0)", "brotlipy (>=0.7.0)"]
cassandra = ["cassandra-driver (<3.21.0)"]
consul = ["python-consul"]
cosmosdbsql = ["pydocumentdb (==2.3.2)"]
couchbase = ["couchbase (<3.0.0)", "couchbase-cffi (<3.0.0)"]
couchdb = ["pycouchdb"]
django = ["Django (>=1.11)"]
dynamodb = ["boto3 (>=1.9.178)"]
elasticsearch = ["elasticsearch"]
eventlet = ["eventlet (>=0.24.1)"]
gevent = ["gevent"]
librabbitmq = ["librabbitmq (>=1.5.0)"]
lzma = ["backports.lzma"]
memcache = ["pylibmc"]
mongodb = ["pymongo[srv] (>=3.3.0)"]
msgpack = ["msgpack"]
pymemcache = ["python-memcached"]
pyro = ["pyro4"]
redis = ["redis (>=3.2.0)"]
riak = ["riak (>=2.0)"]
s3 = ["boto3 (>=1.9.125)"]
slmq = ["softlayer-messaging (>=1.0.3)"]
solar = ["ephem"]
sqlalchemy = ["sqlalchemy"]
sqs = ["boto3 (>=1.9.125)", "pycurl (==7.43.0.5)"]
tblib = ["tblib (>=1.3.0)", "tblib (>=1.5.0)"]
yaml = ["PyYAML (>=3.10)"]
zookeeper = ["kazoo (>=1.3.1)"]
zstd = ["zstandard"]

[[package]]
name = "certifi"
version = "2024.8.30"
description = "Python package for providing Mozilla's CA Bundle."
category = "main"
optional = false
python-versions = ">=3.6"

[[package]]
name = "cffi"
version = "1.15.1"
description = "Foreign Function Interface for Python calling C code."
category = "main"
optional = false
python-versions = "*"

[package.dependencies]
pycparser = "*"

[[package]]
name = "charset-normalizer"
version = "2.0.12"
description = "The Real First Universal Charset Detector. Open, modern and actively maintained alternative to Chardet."
category = "main"
optional = false
python-versions = ">=3.5.0"

[package.extras]
unicode_backport = ["unicodedata2"]

[[package]]
name = "contextvars"
version = "2.4"
description = "PEP 567 Backport"
category = "main"
optional = false
python-versions = "*"

[package.dependencies]
immutables = ">=0.9"

[[package]]
name = "cryptography"
version = "40.0.2"
description = "cryptography is a package which provides cryptographic recipes and primitives to Python developers."
category = "main"
optional = false
python-versions = ">=3.6"

[package.dependencies]
cffi = ">=1.12"

[package.extras]
docs = ["sphinx (>=5.3.0)", "sphinx-rtd-theme (>=1.1.1)"]
docstest = ["pyenchant (>=1.6.11)", "sphinxcontrib-spelling (>=4.0.1)", "twine (>=1.12.0)"]
pep8test = ["black", "check-manifest", "mypy", "ruff"]
sdist = ["setuptools-rust (>=0.11.4)"]
ssh = ["bcrypt (>=3.1.5)"]
test = ["iso8601", "pretend", "pytest (>=6.2.0)", "pytest-benchmark", "pytest-cov", "pytest-shard (>=0.1.2)", "pytest-subtests", "pytest-xdist"]
test-randomorder = ["pytest-randomly"]
tox = ["tox"]

[[package]]
name = "dataclasses"
version = "0.8"
description = "A backport of the dataclasses module for Python 3.6"
category = "main"
optional = false
python-versions = ">=3.6, <3.7"

[[package]]
name = "ddtrace"
version = "0.14.1"
description = "Datadog tracing code"
category = "main"
optional = false
python-versions = "*"

[package.dependencies]
msgpack-python = "*"
wrapt = "*"

[package.extras]
opentracing = ["opentracing (>=2.0.0)"]

[[package]]
name = "deprecated"
version = "1.2.14"
description = "Python @deprecated decorator to deprecate old python classes, functions or methods."
category = "main"
optional = false
python-versions = ">=2.7, !=3.0.*, !=3.1.*, !=3.2.*, !=3.3.*"

[package.dependencies]
wrapt = ">=1.10,<2"

[package.extras]
dev = ["bump2version (<1)", "pytest", "pytest-cov", "sphinx (<2)", "tox"]

[[package]]
name = "django"
version = "3.2.25"
description = "A high-level Python Web framework that encourages rapid development and clean, pragmatic design."
category = "main"
optional = false
python-versions = ">=3.6"

[package.dependencies]
asgiref = ">=3.3.2,<4"
pytz = "*"
sqlparse = ">=0.2.2"

[package.extras]
argon2 = ["argon2-cffi (>=19.1.0)"]
bcrypt = ["bcrypt"]

[[package]]
name = "django-celery-beat"
version = "2.2.0"
description = "Database-backed Periodic Tasks."
category = "main"
optional = false
python-versions = "*"

[package.dependencies]
celery = ">=4.4,<6.0"
Django = ">=2.2,<4.0"
django-timezone-field = ">=4.1.0,<5.0"
python-crontab = ">=2.3.4"

[[package]]
name = "django-celery-results"
version = "1.2.1"
description = "Celery result backends for Django."
category = "main"
optional = false
python-versions = "*"

[package.dependencies]
celery = ">=4.4,<5.0"

[[package]]
name = "django-cors-headers"
version = "3.10.1"
description = "django-cors-headers is a Django application for handling the server headers required for Cross-Origin Resource Sharing (CORS)."
category = "main"
optional = false
python-versions = ">=3.6"

[package.dependencies]
Django = ">=2.2"

[[package]]
name = "django-dbconn-retry"
version = "0.1.8"
description = "Patch Django to retry a database connection first before failing."
category = "main"
optional = false
python-versions = "*"

[[package]]
name = "django-prometheus"
version = "2.3.1"
description = "Django middlewares to monitor your application with Prometheus.io."
category = "main"
optional = false
python-versions = "*"

[package.dependencies]
prometheus-client = ">=0.7"

[[package]]
name = "django-timezone-field"
version = "4.2.3"
description = "A Django app providing database and form fields for pytz timezone objects."
category = "main"
optional = false
python-versions = ">=3.5"

[package.dependencies]
django = ">=2.2"
pytz = "*"

[package.extras]
rest_framework = ["djangorestframework (>=3.0.0)"]

[[package]]
name = "djangorestframework"
version = "3.15.1"
description = "Web APIs for Django, made easy."
category = "main"
optional = false
python-versions = ">=3.6"

[package.dependencies]
"backports.zoneinfo" = {version = "*", markers = "python_version < \"3.9\""}
django = ">=3.0"

[[package]]
name = "drf-yasg"
version = "1.21.7"
description = "Automated generation of real Swagger/OpenAPI 2.0 schemas from Django Rest Framework code."
category = "main"
optional = false
python-versions = ">=3.6"

[package.dependencies]
django = ">=2.2.16"
djangorestframework = ">=3.10.3"
inflection = ">=0.3.1"
packaging = ">=21.0"
pytz = ">=2021.1"
pyyaml = ">=5.1"
uritemplate = ">=3.0.0"

[package.extras]
coreapi = ["coreapi (>=2.3.3)", "coreschema (>=0.0.4)"]
validation = ["swagger-spec-validator (>=2.1.0)"]

[[package]]
name = "googleapis-common-protos"
version = "1.56.2"
description = "Common protobufs used in Google APIs"
category = "main"
optional = false
python-versions = ">=3.6"

[package.dependencies]
protobuf = ">=3.15.0,<4.0.0dev"

[package.extras]
grpc = ["grpcio (>=1.0.0,<2.0.0dev)"]

[[package]]
name = "grpcio"
version = "1.48.2"
description = "HTTP/2-based RPC framework"
category = "main"
optional = false
python-versions = ">=3.6"

[package.dependencies]
six = ">=1.5.2"

[package.extras]
protobuf = ["grpcio-tools (>=1.48.2)"]

[[package]]
name = "gunicorn"
version = "21.2.0"
description = "WSGI HTTP Server for UNIX"
category = "main"
optional = false
python-versions = ">=3.5"

[package.dependencies]
importlib-metadata = {version = "*", markers = "python_version < \"3.8\""}
packaging = "*"

[package.extras]
eventlet = ["eventlet (>=0.24.1)"]
gevent = ["gevent (>=1.4.0)"]
setproctitle = ["setproctitle"]
tornado = ["tornado (>=0.2)"]

[[package]]
name = "idna"
version = "3.10"
description = "Internationalized Domain Names in Applications (IDNA)"
category = "main"
optional = false
python-versions = ">=3.6"

[package.extras]
all = ["flake8 (>=7.1.1)", "mypy (>=1.11.2)", "pytest (>=8.3.2)", "ruff (>=0.6.2)"]

[[package]]
name = "immutables"
version = "0.19"
description = "Immutable Collections"
category = "main"
optional = false
python-versions = ">=3.6"

[package.dependencies]
typing-extensions = {version = ">=3.7.4.3", markers = "python_version < \"3.8\""}

[package.extras]
test = ["flake8 (>=5.0.4,<5.1.0)", "mypy (==0.971)", "pycodestyle (>=2.9.1,<2.10.0)", "pytest (>=6.2.4,<6.3.0)"]

[[package]]
name = "importlib-metadata"
version = "4.8.3"
description = "Read metadata from Python packages"
category = "main"
optional = false
python-versions = ">=3.6"

[package.dependencies]
typing-extensions = {version = ">=3.6.4", markers = "python_version < \"3.8\""}
zipp = ">=0.5"

[package.extras]
docs = ["jaraco.packaging (>=8.2)", "rst.linker (>=1.9)", "sphinx"]
perf = ["ipython"]
testing = ["flufl.flake8", "importlib-resources (>=1.3)", "packaging", "pep517", "pyfakefs", "pytest (>=6)", "pytest-black (>=0.3.7)", "pytest-checkdocs (>=2.4)", "pytest-cov", "pytest-enabler (>=1.0.1)", "pytest-flake8", "pytest-mypy", "pytest-perf (>=0.9.2)"]

[[package]]
name = "importlib-resources"
version = "5.4.0"
description = "Read resources from Python packages"
category = "main"
optional = false
python-versions = ">=3.6"

[package.dependencies]
zipp = {version = ">=3.1.0", markers = "python_version < \"3.10\""}

[package.extras]
docs = ["jaraco.packaging (>=8.2)", "rst.linker (>=1.9)", "sphinx"]
testing = ["pytest (>=6)", "pytest-black (>=0.3.7)", "pytest-checkdocs (>=2.4)", "pytest-cov", "pytest-enabler (>=1.0.1)", "pytest-flake8", "pytest-mypy"]

[[package]]
name = "inflection"
version = "0.5.1"
description = "A port of Ruby on Rails inflector to Python"
category = "main"
optional = false
python-versions = ">=3.5"

[[package]]
name = "kombu"
version = "4.6.11"
description = "Messaging library for Python."
category = "main"
optional = false
python-versions = ">=2.7, !=3.0.*, !=3.1.*, !=3.2.*, !=3.3.*, !=3.4.*"

[package.dependencies]
amqp = ">=2.6.0,<2.7"
importlib-metadata = {version = ">=0.18", markers = "python_version < \"3.8\""}

[package.extras]
azureservicebus = ["azure-servicebus (>=0.21.1)"]
azurestoragequeues = ["azure-storage-queue"]
consul = ["python-consul (>=0.6.0)"]
librabbitmq = ["librabbitmq (>=1.5.2)"]
mongodb = ["pymongo (>=3.3.0)"]
msgpack = ["msgpack"]
pyro = ["pyro4"]
qpid = ["qpid-python (>=0.26)", "qpid-tools (>=0.26)"]
redis = ["redis (>=3.3.11)"]
slmq = ["softlayer-messaging (>=1.0.3)"]
sqlalchemy = ["sqlalchemy"]
sqs = ["boto3 (>=1.4.4)", "pycurl (==7.43.0.2)"]
yaml = ["PyYAML (>=3.10)"]
zookeeper = ["kazoo (>=1.3.1)"]

[[package]]
name = "mako"
version = "1.1.6"
description = "A super-fast templating language that borrows the  best ideas from the existing templating languages."
category = "main"
optional = false
python-versions = ">=2.7, !=3.0.*, !=3.1.*, !=3.2.*, !=3.3.*"

[package.dependencies]
MarkupSafe = ">=0.9.2"

[package.extras]
babel = ["babel"]
lingua = ["lingua"]

[[package]]
name = "markupsafe"
version = "2.0.1"
description = "Safely add untrusted strings to HTML/XML markup."
category = "main"
optional = false
python-versions = ">=3.6"

[[package]]
name = "msgpack-python"
version = "0.5.6"
description = "MessagePack (de)serializer."
category = "main"
optional = false
python-versions = "*"

[[package]]
name = "opentelemetry-api"
version = "1.12.0"
description = "OpenTelemetry Python API"
category = "main"
optional = false
python-versions = ">=3.6"

[package.dependencies]
aiocontextvars = {version = "*", markers = "python_version < \"3.7\""}
Deprecated = ">=1.2.6"

[[package]]
name = "opentelemetry-exporter-jaeger"
version = "1.12.0"
description = "Jaeger Exporters for OpenTelemetry"
category = "main"
optional = false
python-versions = ">=3.6"

[package.dependencies]
opentelemetry-exporter-jaeger-proto-grpc = "1.12.0"
opentelemetry-exporter-jaeger-thrift = "1.12.0"

[[package]]
name = "opentelemetry-exporter-jaeger-proto-grpc"
version = "1.12.0"
description = "Jaeger Protobuf Exporter for OpenTelemetry"
category = "main"
optional = false
python-versions = ">=3.6"

[package.dependencies]
googleapis-common-protos = ">=1.52,<1.56.3"
grpcio = ">=1.0.0,<2.0.0"
opentelemetry-api = ">=1.3,<2.0"
opentelemetry-sdk = ">=1.11,<2.0"

[[package]]
name = "opentelemetry-exporter-jaeger-thrift"
version = "1.12.0"
description = "Jaeger Thrift Exporter for OpenTelemetry"
category = "main"
optional = false
python-versions = ">=3.6"

[package.dependencies]
opentelemetry-api = ">=1.3,<2.0"
opentelemetry-sdk = ">=1.11,<2.0"
thrift = ">=0.10.0"

[[package]]
name = "opentelemetry-exporter-otlp"
version = "1.12.0"
description = "OpenTelemetry Collector Exporters"
category = "main"
optional = false
python-versions = ">=3.6"

[package.dependencies]
opentelemetry-exporter-otlp-proto-grpc = "1.12.0"
opentelemetry-exporter-otlp-proto-http = "1.12.0"

[[package]]
name = "opentelemetry-exporter-otlp-proto-grpc"
version = "1.12.0"
description = "OpenTelemetry Collector Protobuf over gRPC Exporter"
category = "main"
optional = false
python-versions = ">=3.6"

[package.dependencies]
backoff = [
    {version = ">=1.10.0,<2.0.0", markers = "python_version < \"3.7\""},
    {version = ">=1.10.0,<3.0.0", markers = "python_version >= \"3.7\""},
]
googleapis-common-protos = ">=1.52,<2.0"
grpcio = ">=1.0.0,<2.0.0"
opentelemetry-api = ">=1.3,<2.0"
opentelemetry-proto = "1.12.0"
opentelemetry-sdk = ">=1.11,<2.0"

[package.extras]
test = ["pytest-grpc"]

[[package]]
name = "opentelemetry-exporter-otlp-proto-http"
version = "1.12.0"
description = "OpenTelemetry Collector Protobuf over HTTP Exporter"
category = "main"
optional = false
python-versions = ">=3.6"

[package.dependencies]
backoff = [
    {version = ">=1.10.0,<2.0.0", markers = "python_version < \"3.7\""},
    {version = ">=1.10.0,<3.0.0", markers = "python_version >= \"3.7\""},
]
googleapis-common-protos = ">=1.52,<2.0"
opentelemetry-api = ">=1.3,<2.0"
opentelemetry-proto = "1.12.0"
opentelemetry-sdk = ">=1.11,<2.0"
requests = ">=2.7,<3.0"

[[package]]
name = "opentelemetry-instrumentation"
version = "0.33b0"
description = "Instrumentation Tools & Auto Instrumentation for OpenTelemetry Python"
category = "main"
optional = false
python-versions = ">=3.6"

[package.dependencies]
opentelemetry-api = ">=1.4,<2.0"
wrapt = ">=1.0.0,<2.0.0"

[[package]]
name = "opentelemetry-instrumentation-celery"
version = "0.33b0"
description = "OpenTelemetry Celery Instrumentation"
category = "main"
optional = false
python-versions = ">=3.6"

[package.dependencies]
opentelemetry-api = ">=1.12,<2.0"
opentelemetry-instrumentation = "0.33b0"
opentelemetry-semantic-conventions = "0.33b0"

[package.extras]
instruments = ["celery (>=4.0,<6.0)"]
test = ["celery (>=4.0,<6.0)", "opentelemetry-test-utils (==0.33b0)", "pytest"]

[[package]]
name = "opentelemetry-instrumentation-dbapi"
version = "0.33b0"
description = "OpenTelemetry Database API instrumentation"
category = "main"
optional = false
python-versions = ">=3.6"

[package.dependencies]
opentelemetry-api = ">=1.12,<2.0"
opentelemetry-instrumentation = "0.33b0"
opentelemetry-semantic-conventions = "0.33b0"
wrapt = ">=1.0.0,<2.0.0"

[package.extras]
test = ["opentelemetry-test-utils (==0.33b0)"]

[[package]]
name = "opentelemetry-instrumentation-django"
version = "0.33b0"
description = "OpenTelemetry Instrumentation for Django"
category = "main"
optional = false
python-versions = ">=3.6"

[package.dependencies]
opentelemetry-api = ">=1.12,<2.0"
opentelemetry-instrumentation = "0.33b0"
opentelemetry-instrumentation-wsgi = "0.33b0"
opentelemetry-semantic-conventions = "0.33b0"
opentelemetry-util-http = "0.33b0"

[package.extras]
asgi = ["opentelemetry-instrumentation-asgi (==0.33b0)"]
instruments = ["django (>=1.10)"]
test = ["django (>=1.10)", "opentelemetry-test-utils (==0.33b0)"]

[[package]]
name = "opentelemetry-instrumentation-logging"
version = "0.33b0"
description = "OpenTelemetry Logging instrumentation"
category = "main"
optional = false
python-versions = "*"

[package.dependencies]
opentelemetry-api = ">=1.12,<2.0"
opentelemetry-instrumentation = "0.33b0"

[package.extras]
test = ["opentelemetry-test-utils (==0.33b0)"]

[[package]]
name = "opentelemetry-instrumentation-redis"
version = "0.33b0"
description = "OpenTelemetry Redis instrumentation"
category = "main"
optional = false
python-versions = ">=3.6"

[package.dependencies]
opentelemetry-api = ">=1.12,<2.0"
opentelemetry-instrumentation = "0.33b0"
opentelemetry-semantic-conventions = "0.33b0"
wrapt = ">=1.12.1"

[package.extras]
instruments = ["redis (>=2.6)"]
test = ["opentelemetry-sdk (>=1.3,<2.0)", "opentelemetry-test-utils (==0.33b0)", "redis (>=2.6)"]

[[package]]
name = "opentelemetry-instrumentation-requests"
version = "0.33b0"
description = "OpenTelemetry requests instrumentation"
category = "main"
optional = false
python-versions = ">=3.6"

[package.dependencies]
opentelemetry-api = ">=1.12,<2.0"
opentelemetry-instrumentation = "0.33b0"
opentelemetry-semantic-conventions = "0.33b0"
opentelemetry-util-http = "0.33b0"

[package.extras]
instruments = ["requests (>=2.0,<3.0)"]
test = ["httpretty (>=1.0,<2.0)", "opentelemetry-test-utils (==0.33b0)", "requests (>=2.0,<3.0)"]

[[package]]
name = "opentelemetry-instrumentation-wsgi"
version = "0.33b0"
description = "WSGI Middleware for OpenTelemetry"
category = "main"
optional = false
python-versions = ">=3.6"

[package.dependencies]
opentelemetry-api = ">=1.12,<2.0"
opentelemetry-instrumentation = "0.33b0"
opentelemetry-semantic-conventions = "0.33b0"
opentelemetry-util-http = "0.33b0"

[package.extras]
test = ["opentelemetry-test-utils (==0.33b0)"]

[[package]]
name = "opentelemetry-proto"
version = "1.12.0"
description = "OpenTelemetry Python Proto"
category = "main"
optional = false
python-versions = ">=3.6"

[package.dependencies]
protobuf = ">=3.13,<4.0"

[[package]]
name = "opentelemetry-sdk"
version = "1.12.0"
description = "OpenTelemetry Python SDK"
category = "main"
optional = false
python-versions = ">=3.6"

[package.dependencies]
dataclasses = {version = "0.8", markers = "python_version < \"3.7\""}
opentelemetry-api = "1.12.0"
opentelemetry-semantic-conventions = "0.33b0"
typing-extensions = ">=3.7.4"

[[package]]
name = "opentelemetry-semantic-conventions"
version = "0.33b0"
description = "OpenTelemetry Semantic Conventions"
category = "main"
optional = false
python-versions = ">=3.6"

[[package]]
name = "opentelemetry-util-http"
version = "0.33b0"
description = "Web util for OpenTelemetry"
category = "main"
optional = false
python-versions = ">=3.6"

[[package]]
name = "packaging"
version = "21.3"
description = "Core utilities for Python packages"
category = "main"
optional = false
python-versions = ">=3.6"

[package.dependencies]
pyparsing = ">=2.0.2,<3.0.5 || >3.0.5"

[[package]]
name = "prometheus-client"
version = "0.17.1"
description = "Python client for the Prometheus monitoring system."
category = "main"
optional = false
python-versions = ">=3.6"

[package.extras]
twisted = ["twisted"]

[[package]]
name = "protobuf"
version = "3.19.6"
description = "Protocol Buffers"
category = "main"
optional = false
python-versions = ">=3.5"

[[package]]
name = "pycparser"
version = "2.21"
description = "C parser in Python"
category = "main"
optional = false
python-versions = ">=2.7, !=3.0.*, !=3.1.*, !=3.2.*, !=3.3.*"

[[package]]
name = "pycryptodome"
version = "3.20.0"
description = "Cryptographic library for Python"
category = "main"
optional = false
python-versions = ">=2.7, !=3.0.*, !=3.1.*, !=3.2.*, !=3.3.*, !=3.4.*"

[[package]]
name = "pyjwt"
version = "2.4.0"
description = "JSON Web Token implementation in Python"
category = "main"
optional = false
python-versions = ">=3.6"

[package.extras]
crypto = ["cryptography (>=3.3.1)"]
dev = ["coverage[toml] (==5.0.4)", "cryptography (>=3.3.1)", "mypy", "pre-commit", "pytest (>=6.0.0,<7.0.0)", "sphinx", "sphinx-rtd-theme", "zope.interface"]
docs = ["sphinx", "sphinx-rtd-theme", "zope.interface"]
tests = ["coverage[toml] (==5.0.4)", "pytest (>=6.0.0,<7.0.0)"]

[[package]]
name = "pymysql"
version = "1.0.2"
description = "Pure Python MySQL Driver"
category = "main"
optional = false
python-versions = ">=3.6"

[package.extras]
ed25519 = ["PyNaCl (>=1.4.0)"]
rsa = ["cryptography"]

[[package]]
name = "pyparsing"
version = "3.0.7"
description = "Python parsing module"
category = "main"
optional = false
python-versions = ">=3.6"

[package.extras]
diagrams = ["jinja2", "railroad-diagrams"]

[[package]]
name = "python-crontab"
version = "3.2.0"
description = "Python Crontab API"
category = "main"
optional = false
python-versions = "*"

[package.dependencies]
python-dateutil = "*"

[package.extras]
cron-description = ["cron-descriptor"]
cron-schedule = ["croniter"]

[[package]]
name = "python-dateutil"
version = "2.9.0.post0"
description = "Extensions to the standard Python datetime module"
category = "main"
optional = false
python-versions = "!=3.0.*,!=3.1.*,!=3.2.*,>=2.7"

[package.dependencies]
six = ">=1.5"

[[package]]
name = "python-json-logger"
version = "2.0.7"
description = "A python library adding a json log formatter"
category = "main"
optional = false
python-versions = ">=3.6"

[[package]]
name = "pytz"
version = "2024.2"
description = "World timezone definitions, modern and historical"
category = "main"
optional = false
python-versions = "*"

[[package]]
name = "pyyaml"
version = "6.0.1"
description = "YAML parser and emitter for Python"
category = "main"
optional = false
python-versions = ">=3.6"

[[package]]
name = "raven"
version = "6.10.0"
description = "Raven is a client for Sentry (https://getsentry.com)"
category = "main"
optional = false
python-versions = "*"

[package.extras]
flask = ["Flask (>=0.8)", "blinker (>=1.1)"]
tests = ["Flask (>=0.8)", "Flask-Login (>=0.2.0)", "aiohttp", "anyjson", "blinker (>=1.1)", "blinker (>=1.1)", "bottle", "celery (>=2.5)", "coverage (<4)", "exam (>=0.5.2)", "flake8 (==3.5.0)", "logbook", "mock", "nose", "pytest (>=3.2.0,<3.3.0)", "pytest-cov (==2.5.1)", "pytest-flake8 (==1.0.0)", "pytest-pythonpath (==0.7.2)", "pytest-timeout (==1.2.1)", "pytest-xdist (==1.18.2)", "pytz", "requests", "sanic (>=0.7.0)", "tornado (>=4.1,<5.0)", "tox", "webob", "webtest", "wheel", "zconfig"]

[[package]]
name = "redis"
version = "4.3.6"
description = "Python client for Redis database and key-value store"
category = "main"
optional = false
python-versions = ">=3.6"

[package.dependencies]
async-timeout = ">=4.0.2"
importlib-metadata = {version = ">=1.0", markers = "python_version < \"3.8\""}
packaging = ">=20.4"
typing-extensions = {version = "*", markers = "python_version < \"3.8\""}

[package.extras]
hiredis = ["hiredis (>=1.0.0)"]
ocsp = ["cryptography (>=36.0.1)", "pyopenssl (==20.0.1)", "requests (>=2.26.0)"]

[[package]]
name = "requests"
version = "2.27.1"
description = "Python HTTP for Humans."
category = "main"
optional = false
python-versions = ">=2.7, !=3.0.*, !=3.1.*, !=3.2.*, !=3.3.*, !=3.4.*, !=3.5.*"

[package.dependencies]
certifi = ">=2017.4.17"
charset-normalizer = {version = ">=2.0.0,<2.1.0", markers = "python_version >= \"3\""}
idna = {version = ">=2.5,<4", markers = "python_version >= \"3\""}
urllib3 = ">=1.21.1,<1.27"

[package.extras]
socks = ["PySocks (>=1.5.6,!=1.5.7)", "win-inet-pton"]
use_chardet_on_py3 = ["chardet (>=3.0.2,<5)"]

[[package]]
name = "six"
version = "1.16.0"
description = "Python 2 and 3 compatibility utilities"
category = "main"
optional = false
python-versions = ">=2.7, !=3.0.*, !=3.1.*, !=3.2.*"

[[package]]
name = "sqlparse"
version = "0.4.4"
description = "A non-validating SQL parser."
category = "main"
optional = false
python-versions = ">=3.5"

[package.extras]
dev = ["build", "flake8"]
doc = ["sphinx"]
test = ["pytest", "pytest-cov"]

[[package]]
name = "thrift"
version = "0.21.0"
description = "Python bindings for the Apache Thrift RPC system"
category = "main"
optional = false
python-versions = "*"

[package.dependencies]
six = ">=1.7.2"

[package.extras]
all = ["tornado (>=4.0)", "twisted"]
tornado = ["tornado (>=4.0)"]
twisted = ["twisted"]

[[package]]
name = "typing-extensions"
version = "4.1.1"
description = "Backported and Experimental Type Hints for Python 3.6+"
category = "main"
optional = false
python-versions = ">=3.6"

[[package]]
name = "uritemplate"
version = "4.1.1"
description = "Implementation of RFC 6570 URI Templates"
category = "main"
optional = false
python-versions = ">=3.6"

[[package]]
name = "urllib3"
version = "1.26.20"
description = "HTTP library with thread-safe connection pooling, file post, and more."
category = "main"
optional = false
python-versions = "!=3.0.*,!=3.1.*,!=3.2.*,!=3.3.*,!=3.4.*,!=3.5.*,>=2.7"

[package.extras]
brotli = ["brotli (==1.0.9)", "brotli (>=1.0.9)", "brotlicffi (>=0.8.0)", "brotlipy (>=0.6.0)"]
secure = ["certifi", "cryptography (>=1.3.4)", "idna (>=2.0.0)", "ipaddress", "pyOpenSSL (>=0.14)", "urllib3-secure-extra"]
socks = ["PySocks (>=1.5.6,!=1.5.7,<2.0)"]

[[package]]
name = "vine"
version = "1.3.0"
description = "Promises, promises, promises."
category = "main"
optional = false
python-versions = ">=2.7, !=3.0.*, !=3.1.*, !=3.2.*, !=3.3.*"

[[package]]
name = "werkzeug"
version = "2.0.3"
description = "The comprehensive WSGI web application library."
category = "main"
optional = false
python-versions = ">=3.6"

[package.dependencies]
dataclasses = {version = "*", markers = "python_version < \"3.7\""}

[package.extras]
watchdog = ["watchdog"]

[[package]]
name = "whitenoise"
version = "5.3.0"
description = "Radically simplified static file serving for WSGI applications"
category = "main"
optional = false
python-versions = ">=3.5, <4"

[package.extras]
brotli = ["brotli"]

[[package]]
name = "wrapt"
version = "1.16.0"
description = "Module for decorators, wrappers and monkey patching."
category = "main"
optional = false
python-versions = ">=3.6"

[[package]]
name = "zipp"
version = "3.6.0"
description = "Backport of pathlib-compatible object wrapper for zip files"
category = "main"
optional = false
python-versions = ">=3.6"

[package.extras]
docs = ["jaraco.packaging (>=8.2)", "rst.linker (>=1.9)", "sphinx"]
testing = ["func-timeout", "jaraco.itertools", "pytest (>=4.6)", "pytest-black (>=0.3.7)", "pytest-checkdocs (>=2.4)", "pytest-cov", "pytest-enabler (>=1.0.1)", "pytest-flake8", "pytest-mypy"]

[metadata]
lock-version = "1.1"
python-versions = "^3.6.1,<4.0"
content-hash = "38e5322eee4ae0c7f0588606b076261af55848e050b7b7eb2c343b9528595999"

[metadata.files]
aiocontextvars = []
amqp = []
asgiref = [
    {file = "asgiref-3.4.1-py3-none-any.whl", hash = "sha256:ffc141aa908e6f175673e7b1b3b7af4fdb0ecb738fc5c8b88f69f055c2415214"},
    {file = "asgiref-3.4.1.tar.gz", hash = "sha256:4ef1ab46b484e3c706329cedeff284a5d40824200638503f5768edb6de7d58e9"},
]
async-timeout = []
backoff = []
"backports.zoneinfo" = []
billiard = []
bkoauth = []
blueapps = [
    {file = "blueapps-4.15.1.tar.gz", hash = "sha256:77d3194615c1a23555f6bdc18288cdc377821e9f732723f307e8ed7fdaa1e034"},
]
celery = []
certifi = [
    {file = "certifi-2024.8.30-py3-none-any.whl", hash = "sha256:922820b53db7a7257ffbda3f597266d435245903d80737e34f8a45ff3e3230d8"},
    {file = "certifi-2024.8.30.tar.gz", hash = "sha256:bec941d2aa8195e248a60b31ff9f0558284cf01a52591ceda73ea9afffd69fd9"},
]
cffi = []
charset-normalizer = []
contextvars = []
cryptography = [
    {file = "cryptography-40.0.2-cp36-abi3-macosx_10_12_universal2.whl", hash = "sha256:8f79b5ff5ad9d3218afb1e7e20ea74da5f76943ee5edb7f76e56ec5161ec782b"},
    {file = "cryptography-40.0.2-cp36-abi3-macosx_10_12_x86_64.whl", hash = "sha256:05dc219433b14046c476f6f09d7636b92a1c3e5808b9a6536adf4932b3b2c440"},
    {file = "cryptography-40.0.2-cp36-abi3-manylinux_2_17_aarch64.manylinux2014_aarch64.whl", hash = "sha256:4df2af28d7bedc84fe45bd49bc35d710aede676e2a4cb7fc6d103a2adc8afe4d"},
    {file = "cryptography-40.0.2-cp36-abi3-manylinux_2_17_x86_64.manylinux2014_x86_64.whl", hash = "sha256:0dcca15d3a19a66e63662dc8d30f8036b07be851a8680eda92d079868f106288"},
    {file = "cryptography-40.0.2-cp36-abi3-manylinux_2_28_aarch64.whl", hash = "sha256:a04386fb7bc85fab9cd51b6308633a3c271e3d0d3eae917eebab2fac6219b6d2"},
    {file = "cryptography-40.0.2-cp36-abi3-manylinux_2_28_x86_64.whl", hash = "sha256:adc0d980fd2760c9e5de537c28935cc32b9353baaf28e0814df417619c6c8c3b"},
    {file = "cryptography-40.0.2-cp36-abi3-musllinux_1_1_aarch64.whl", hash = "sha256:d5a1bd0e9e2031465761dfa920c16b0065ad77321d8a8c1f5ee331021fda65e9"},
    {file = "cryptography-40.0.2-cp36-abi3-musllinux_1_1_x86_64.whl", hash = "sha256:a95f4802d49faa6a674242e25bfeea6fc2acd915b5e5e29ac90a32b1139cae1c"},
    {file = "cryptography-40.0.2-cp36-abi3-win32.whl", hash = "sha256:aecbb1592b0188e030cb01f82d12556cf72e218280f621deed7d806afd2113f9"},
    {file = "cryptography-40.0.2-cp36-abi3-win_amd64.whl", hash = "sha256:b12794f01d4cacfbd3177b9042198f3af1c856eedd0a98f10f141385c809a14b"},
    {file = "cryptography-40.0.2-pp38-pypy38_pp73-macosx_10_12_x86_64.whl", hash = "sha256:142bae539ef28a1c76794cca7f49729e7c54423f615cfd9b0b1fa90ebe53244b"},
    {file = "cryptography-40.0.2-pp38-pypy38_pp73-manylinux_2_28_aarch64.whl", hash = "sha256:956ba8701b4ffe91ba59665ed170a2ebbdc6fc0e40de5f6059195d9f2b33ca0e"},
    {file = "cryptography-40.0.2-pp38-pypy38_pp73-manylinux_2_28_x86_64.whl", hash = "sha256:4f01c9863da784558165f5d4d916093737a75203a5c5286fde60e503e4276c7a"},
    {file = "cryptography-40.0.2-pp38-pypy38_pp73-win_amd64.whl", hash = "sha256:3daf9b114213f8ba460b829a02896789751626a2a4e7a43a28ee77c04b5e4958"},
    {file = "cryptography-40.0.2-pp39-pypy39_pp73-macosx_10_12_x86_64.whl", hash = "sha256:48f388d0d153350f378c7f7b41497a54ff1513c816bcbbcafe5b829e59b9ce5b"},
    {file = "cryptography-40.0.2-pp39-pypy39_pp73-manylinux_2_28_aarch64.whl", hash = "sha256:c0764e72b36a3dc065c155e5b22f93df465da9c39af65516fe04ed3c68c92636"},
    {file = "cryptography-40.0.2-pp39-pypy39_pp73-manylinux_2_28_x86_64.whl", hash = "sha256:cbaba590180cba88cb99a5f76f90808a624f18b169b90a4abb40c1fd8c19420e"},
    {file = "cryptography-40.0.2-pp39-pypy39_pp73-win_amd64.whl", hash = "sha256:7a38250f433cd41df7fcb763caa3ee9362777fdb4dc642b9a349721d2bf47404"},
    {file = "cryptography-40.0.2.tar.gz", hash = "sha256:c33c0d32b8594fa647d2e01dbccc303478e16fdd7cf98652d5b3ed11aa5e5c99"},
]
dataclasses = []
ddtrace = []
deprecated = []
django = [
    {file = "Django-3.2.25-py3-none-any.whl", hash = "sha256:a52ea7fcf280b16f7b739cec38fa6d3f8953a5456986944c3ca97e79882b4e38"},
    {file = "Django-3.2.25.tar.gz", hash = "sha256:7ca38a78654aee72378594d63e51636c04b8e28574f5505dff630895b5472777"},
]
django-celery-beat = []
django-celery-results = []
django-cors-headers = []
django-dbconn-retry = [
    {file = "django_dbconn_retry-0.1.8-py3-none-any.whl", hash = "sha256:be0fcb4d04d23655b431a6a6d9db80fd9f068d269e298caa4a284b6a45cf8ac4"},
]
django-prometheus = []
django-timezone-field = []
djangorestframework = []
drf-yasg = []
googleapis-common-protos = []
grpcio = []
gunicorn = []
idna = [
    {file = "idna-3.10-py3-none-any.whl", hash = "sha256:946d195a0d259cbba61165e88e65941f16e9b36ea6ddb97f00452bae8b1287d3"},
    {file = "idna-3.10.tar.gz", hash = "sha256:12f65c9b470abda6dc35cf8e63cc574b1c52b11df2c86030af0ac09b01b13ea9"},
]
immutables = []
importlib-metadata = []
importlib-resources = []
inflection = []
kombu = []
mako = []
markupsafe = []
msgpack-python = []
opentelemetry-api = []
opentelemetry-exporter-jaeger = []
opentelemetry-exporter-jaeger-proto-grpc = []
opentelemetry-exporter-jaeger-thrift = []
opentelemetry-exporter-otlp = []
opentelemetry-exporter-otlp-proto-grpc = []
opentelemetry-exporter-otlp-proto-http = []
opentelemetry-instrumentation = []
opentelemetry-instrumentation-celery = []
opentelemetry-instrumentation-dbapi = []
opentelemetry-instrumentation-django = []
opentelemetry-instrumentation-logging = []
opentelemetry-instrumentation-redis = []
opentelemetry-instrumentation-requests = []
opentelemetry-instrumentation-wsgi = []
opentelemetry-proto = []
opentelemetry-sdk = []
opentelemetry-semantic-conventions = []
opentelemetry-util-http = []
packaging = []
prometheus-client = []
protobuf = [
    {file = "protobuf-3.19.6-cp310-cp310-manylinux2014_aarch64.whl", hash = "sha256:010be24d5a44be7b0613750ab40bc8b8cedc796db468eae6c779b395f50d1fa1"},
    {file = "protobuf-3.19.6-cp310-cp310-manylinux_2_17_x86_64.manylinux2014_x86_64.whl", hash = "sha256:11478547958c2dfea921920617eb457bc26867b0d1aa065ab05f35080c5d9eb6"},
    {file = "protobuf-3.19.6-cp310-cp310-win32.whl", hash = "sha256:559670e006e3173308c9254d63facb2c03865818f22204037ab76f7a0ff70b5f"},
    {file = "protobuf-3.19.6-cp310-cp310-win_amd64.whl", hash = "sha256:347b393d4dd06fb93a77620781e11c058b3b0a5289262f094379ada2920a3730"},
    {file = "protobuf-3.19.6-cp36-cp36m-macosx_10_9_x86_64.whl", hash = "sha256:a8ce5ae0de28b51dff886fb922012dad885e66176663950cb2344c0439ecb473"},
    {file = "protobuf-3.19.6-cp36-cp36m-manylinux_2_17_x86_64.manylinux2014_x86_64.whl", hash = "sha256:90b0d02163c4e67279ddb6dc25e063db0130fc299aefabb5d481053509fae5c8"},
    {file = "protobuf-3.19.6-cp36-cp36m-win32.whl", hash = "sha256:30f5370d50295b246eaa0296533403961f7e64b03ea12265d6dfce3a391d8992"},
    {file = "protobuf-3.19.6-cp36-cp36m-win_amd64.whl", hash = "sha256:0c0714b025ec057b5a7600cb66ce7c693815f897cfda6d6efb58201c472e3437"},
    {file = "protobuf-3.19.6-cp37-cp37m-macosx_10_9_x86_64.whl", hash = "sha256:5057c64052a1f1dd7d4450e9aac25af6bf36cfbfb3a1cd89d16393a036c49157"},
    {file = "protobuf-3.19.6-cp37-cp37m-manylinux2014_aarch64.whl", hash = "sha256:bb6776bd18f01ffe9920e78e03a8676530a5d6c5911934c6a1ac6eb78973ecb6"},
    {file = "protobuf-3.19.6-cp37-cp37m-manylinux_2_17_x86_64.manylinux2014_x86_64.whl", hash = "sha256:84a04134866861b11556a82dd91ea6daf1f4925746b992f277b84013a7cc1229"},
    {file = "protobuf-3.19.6-cp37-cp37m-win32.whl", hash = "sha256:4bc98de3cdccfb5cd769620d5785b92c662b6bfad03a202b83799b6ed3fa1fa7"},
    {file = "protobuf-3.19.6-cp37-cp37m-win_amd64.whl", hash = "sha256:aa3b82ca1f24ab5326dcf4ea00fcbda703e986b22f3d27541654f749564d778b"},
    {file = "protobuf-3.19.6-cp38-cp38-macosx_10_9_x86_64.whl", hash = "sha256:2b2d2913bcda0e0ec9a784d194bc490f5dc3d9d71d322d070b11a0ade32ff6ba"},
    {file = "protobuf-3.19.6-cp38-cp38-manylinux2014_aarch64.whl", hash = "sha256:d0b635cefebd7a8a0f92020562dead912f81f401af7e71f16bf9506ff3bdbb38"},
    {file = "protobuf-3.19.6-cp38-cp38-manylinux_2_17_x86_64.manylinux2014_x86_64.whl", hash = "sha256:7a552af4dc34793803f4e735aabe97ffc45962dfd3a237bdde242bff5a3de684"},
    {file = "protobuf-3.19.6-cp38-cp38-win32.whl", hash = "sha256:0469bc66160180165e4e29de7f445e57a34ab68f49357392c5b2f54c656ab25e"},
    {file = "protobuf-3.19.6-cp38-cp38-win_amd64.whl", hash = "sha256:91d5f1e139ff92c37e0ff07f391101df77e55ebb97f46bbc1535298d72019462"},
    {file = "protobuf-3.19.6-cp39-cp39-macosx_10_9_x86_64.whl", hash = "sha256:c0ccd3f940fe7f3b35a261b1dd1b4fc850c8fde9f74207015431f174be5976b3"},
    {file = "protobuf-3.19.6-cp39-cp39-manylinux2014_aarch64.whl", hash = "sha256:30a15015d86b9c3b8d6bf78d5b8c7749f2512c29f168ca259c9d7727604d0e39"},
    {file = "protobuf-3.19.6-cp39-cp39-manylinux_2_17_x86_64.manylinux2014_x86_64.whl", hash = "sha256:878b4cd080a21ddda6ac6d1e163403ec6eea2e206cf225982ae04567d39be7b0"},
    {file = "protobuf-3.19.6-cp39-cp39-win32.whl", hash = "sha256:5a0d7539a1b1fb7e76bf5faa0b44b30f812758e989e59c40f77a7dab320e79b9"},
    {file = "protobuf-3.19.6-cp39-cp39-win_amd64.whl", hash = "sha256:bbf5cea5048272e1c60d235c7bd12ce1b14b8a16e76917f371c718bd3005f045"},
    {file = "protobuf-3.19.6-py2.py3-none-any.whl", hash = "sha256:14082457dc02be946f60b15aad35e9f5c69e738f80ebbc0900a19bc83734a5a4"},
    {file = "protobuf-3.19.6.tar.gz", hash = "sha256:5f5540d57a43042389e87661c6eaa50f47c19c6176e8cf1c4f287aeefeccb5c4"},
]
pycparser = []
pycryptodome = []
pyjwt = [
    {file = "PyJWT-2.4.0-py3-none-any.whl", hash = "sha256:72d1d253f32dbd4f5c88eaf1fdc62f3a19f676ccbadb9dbc5d07e951b2b26daf"},
    {file = "PyJWT-2.4.0.tar.gz", hash = "sha256:d42908208c699b3b973cbeb01a969ba6a96c821eefb1c5bfe4c390c01d67abba"},
]
pymysql = [
    {file = "PyMySQL-1.0.2-py3-none-any.whl", hash = "sha256:41fc3a0c5013d5f039639442321185532e3e2c8924687abe6537de157d403641"},
    {file = "PyMySQL-1.0.2.tar.gz", hash = "sha256:816927a350f38d56072aeca5dfb10221fe1dc653745853d30a216637f5d7ad36"},
]
pyparsing = []
python-crontab = [
    {file = "python_crontab-3.2.0-py3-none-any.whl", hash = "sha256:82cb9b6a312d41ff66fd3caf3eed7115c28c195bfb50711bc2b4b9592feb9fe5"},
    {file = "python_crontab-3.2.0.tar.gz", hash = "sha256:40067d1dd39ade3460b2ad8557c7651514cd3851deffff61c5c60e1227c5c36b"},
]
python-dateutil = []
python-json-logger = []
pytz = [
    {file = "pytz-2024.2-py2.py3-none-any.whl", hash = "sha256:31c7c1817eb7fae7ca4b8c7ee50c72f93aa2dd863de768e1ef4245d426aa0725"},
    {file = "pytz-2024.2.tar.gz", hash = "sha256:2aa355083c50a0f93fa581709deac0c9ad65cca8a9e9beac660adcbd493c798a"},
]
pyyaml = []
raven = []
redis = []
requests = []
six = []
sqlparse = []
thrift = [
    {file = "thrift-0.21.0.tar.gz", hash = "sha256:5e6f7c50f936ebfa23e924229afc95eb219f8c8e5a83202dd4a391244803e402"},
]
typing-extensions = []
uritemplate = []
urllib3 = [
    {file = "urllib3-1.26.20-py2.py3-none-any.whl", hash = "sha256:0ed14ccfbf1c30a9072c7ca157e4319b70d65f623e91e7b32fadb2853431016e"},
    {file = "urllib3-1.26.20.tar.gz", hash = "sha256:40c2dc0c681e47eb8f90e7e27bf6ff7df2e677421fd46756da1161c39ca70d32"},
]
vine = []
werkzeug = []
whitenoise = [
    {file = "whitenoise-5.3.0-py2.py3-none-any.whl", hash = "sha256:d963ef25639d1417e8a247be36e6aedd8c7c6f0a08adcb5a89146980a96b577c"},
    {file = "whitenoise-5.3.0.tar.gz", hash = "sha256:d234b871b52271ae7ed6d9da47ffe857c76568f11dd30e28e18c5869dbd11e12"},
]
wrapt = []
zipp = []
